
Microsoft Visual Studio Solution File, Format Version 12.00
# Visual Studio Version 17
VisualStudioVersion = 17.6.33815.320
MinimumVisualStudioVersion = 10.0.40219.1
Project("{FAE04EC0-301F-11D3-BF4B-00C04F79EFBC}") = "BlazorWebProfile", "BlazorWebProfile.csproj", "{2751ACA6-15DB-4B65-99A5-9D329B9409B1}"
EndProject
Global
	GlobalSection(SolutionConfigurationPlatforms) = preSolution
		Debug|Any CPU = Debug|Any CPU
		Release|Any CPU = Release|Any CPU
	EndGlobalSection
	GlobalSection(ProjectConfigurationPlatforms) = postSolution
		{2751ACA6-15DB-4B65-99A5-9D329B9409B1}.Debug|Any CPU.ActiveCfg = Debug|Any CPU
		{2751ACA6-15DB-4B65-99A5-9D329B9409B1}.Debug|Any CPU.Build.0 = Debug|Any CPU
		{2751ACA6-15DB-4B65-99A5-9D329B9409B1}.Release|Any CPU.ActiveCfg = Release|Any CPU
		{2751ACA6-15DB-4B65-99A5-9D329B9409B1}.Release|Any CPU.Build.0 = Release|Any CPU
	EndGlobalSection
	GlobalSection(SolutionProperties) = preSolution
		HideSolutionNode = FALSE
	EndGlobalSection
	GlobalSection(ExtensibilityGlobals) = postSolution
		SolutionGuid = {11CDD3DA-9320-46D8-BC13-F778F437F927}
	EndGlobalSection
EndGlobal
